
Microsoft Visual Studio Solution File, Format Version 12.00
# Visual Studio Version 17
VisualStudioVersion = 17.11.35303.130
MinimumVisualStudioVersion = 10.0.40219.1
Project("{FAE04EC0-301F-11D3-BF4B-00C04F79EFBC}") = "Task 9", "Task 9.csproj", "{97DFC8A3-6130-48E5-ABE3-C75A25BC8B83}"
EndProject
Global
	GlobalSection(SolutionConfigurationPlatforms) = preSolution
		Debug|Any CPU = Debug|Any CPU
		Release|Any CPU = Release|Any CPU
	EndGlobalSection
	GlobalSection(ProjectConfigurationPlatforms) = postSolution
		{97DFC8A3-6130-48E5-ABE3-C75A25BC8B83}.Debug|Any CPU.ActiveCfg = Debug|Any CPU
		{97DFC8A3-6130-48E5-ABE3-C75A25BC8B83}.Debug|Any CPU.Build.0 = Debug|Any CPU
		{97DFC8A3-6130-48E5-ABE3-C75A25BC8B83}.Release|Any CPU.ActiveCfg = Release|Any CPU
		{97DFC8A3-6130-48E5-ABE3-C75A25BC8B83}.Release|Any CPU.Build.0 = Release|Any CPU
	EndGlobalSection
	GlobalSection(SolutionProperties) = preSolution
		HideSolutionNode = FALSE
	EndGlobalSection
	GlobalSection(ExtensibilityGlobals) = postSolution
		SolutionGuid = {EF8C825C-5AC4-4A32-82D2-EF883FA68A42}
	EndGlobalSection
EndGlobal
