
Microsoft Visual Studio Solution File, Format Version 12.00
# Visual Studio Version 17
VisualStudioVersion = 17.11.35327.3
MinimumVisualStudioVersion = 10.0.40219.1
Project("{FAE04EC0-301F-11D3-BF4B-00C04F79EFBC}") = "Ex1", "Ex1.csproj", "{77F7DC11-1942-4E05-995B-C76CA800F588}"
EndProject
Global
	GlobalSection(SolutionConfigurationPlatforms) = preSolution
		Debug|Any CPU = Debug|Any CPU
		Release|Any CPU = Release|Any CPU
	EndGlobalSection
	GlobalSection(ProjectConfigurationPlatforms) = postSolution
		{77F7DC11-1942-4E05-995B-C76CA800F588}.Debug|Any CPU.ActiveCfg = Debug|Any CPU
		{77F7DC11-1942-4E05-995B-C76CA800F588}.Debug|Any CPU.Build.0 = Debug|Any CPU
		{77F7DC11-1942-4E05-995B-C76CA800F588}.Release|Any CPU.ActiveCfg = Release|Any CPU
		{77F7DC11-1942-4E05-995B-C76CA800F588}.Release|Any CPU.Build.0 = Release|Any CPU
	EndGlobalSection
	GlobalSection(SolutionProperties) = preSolution
		HideSolutionNode = FALSE
	EndGlobalSection
	GlobalSection(ExtensibilityGlobals) = postSolution
		SolutionGuid = {F37B350C-1621-44AB-B09F-0E13CB27771D}
	EndGlobalSection
EndGlobal
