
Microsoft Visual Studio Solution File, Format Version 12.00
# Visual Studio Version 17
VisualStudioVersion = 17.12.35707.178 d17.12
MinimumVisualStudioVersion = 10.0.40219.1
Project("{FAE04EC0-301F-11D3-BF4B-00C04F79EFBC}") = "Ex1", "Ex1.csproj", "{C1DBC4B3-FFB1-40D7-BB04-EB4F6BE83F2F}"
EndProject
Project("{FAE04EC0-301F-11D3-BF4B-00C04F79EFBC}") = "Ex2", "..\Ex1\Ex2.csproj", "{8E37B442-55FD-49BF-B215-0EC83450C427}"
EndProject
Project("{FAE04EC0-301F-11D3-BF4B-00C04F79EFBC}") = "Ex3", "..\Ex3\Ex3.csproj", "{DA0A5F00-1638-411B-B12A-13E98E115AC2}"
EndProject
Project("{FAE04EC0-301F-11D3-BF4B-00C04F79EFBC}") = "Ex4", "..\Ex4\Ex4.csproj", "{EA8ACC0B-2C02-4D8B-9F89-3AC52C30C877}"
EndProject
Project("{FAE04EC0-301F-11D3-BF4B-00C04F79EFBC}") = "Ex5", "..\Ex5\Ex5.csproj", "{D216F65C-045F-4D02-AA30-4DFD4469DE85}"
EndProject
Project("{FAE04EC0-301F-11D3-BF4B-00C04F79EFBC}") = "Ex6", "..\Ex6\Ex6.csproj", "{C790A3D8-09AA-4690-B220-5596F0BD6479}"
EndProject
Project("{FAE04EC0-301F-11D3-BF4B-00C04F79EFBC}") = "Ex7", "..\Ex7\Ex7.csproj", "{B77307A9-B83F-4DA1-B8CA-5AA0285DE146}"
EndProject
Project("{FAE04EC0-301F-11D3-BF4B-00C04F79EFBC}") = "Ex8", "..\Ex8\Ex8.csproj", "{37C4F7EF-405E-4981-95C3-720FB9D99122}"
EndProject
Project("{FAE04EC0-301F-11D3-BF4B-00C04F79EFBC}") = "Ex9", "..\Ex9\Ex9.csproj", "{B37FDB90-5B81-4412-93B7-7A08A4360382}"
EndProject
Project("{FAE04EC0-301F-11D3-BF4B-00C04F79EFBC}") = "Ex10", "..\Ex10\Ex10.csproj", "{A2EC4CB1-9458-4F2B-82AA-A223873C9E82}"
EndProject
Project("{FAE04EC0-301F-11D3-BF4B-00C04F79EFBC}") = "Ex11", "..\Ex11\Ex11.csproj", "{3FCE86AA-565F-494D-9AFE-E842B99206B5}"
EndProject
Project("{FAE04EC0-301F-11D3-BF4B-00C04F79EFBC}") = "Ex12", "..\Ex12\Ex12.csproj", "{1F306BFC-B6C8-496D-B7C9-4836C47DA1C0}"
EndProject
Global
	GlobalSection(SolutionConfigurationPlatforms) = preSolution
		Debug|Any CPU = Debug|Any CPU
		Release|Any CPU = Release|Any CPU
	EndGlobalSection
	GlobalSection(ProjectConfigurationPlatforms) = postSolution
		{C1DBC4B3-FFB1-40D7-BB04-EB4F6BE83F2F}.Debug|Any CPU.ActiveCfg = Debug|Any CPU
		{C1DBC4B3-FFB1-40D7-BB04-EB4F6BE83F2F}.Debug|Any CPU.Build.0 = Debug|Any CPU
		{C1DBC4B3-FFB1-40D7-BB04-EB4F6BE83F2F}.Release|Any CPU.ActiveCfg = Release|Any CPU
		{C1DBC4B3-FFB1-40D7-BB04-EB4F6BE83F2F}.Release|Any CPU.Build.0 = Release|Any CPU
		{8E37B442-55FD-49BF-B215-0EC83450C427}.Debug|Any CPU.ActiveCfg = Debug|Any CPU
		{8E37B442-55FD-49BF-B215-0EC83450C427}.Debug|Any CPU.Build.0 = Debug|Any CPU
		{8E37B442-55FD-49BF-B215-0EC83450C427}.Release|Any CPU.ActiveCfg = Release|Any CPU
		{8E37B442-55FD-49BF-B215-0EC83450C427}.Release|Any CPU.Build.0 = Release|Any CPU
		{DA0A5F00-1638-411B-B12A-13E98E115AC2}.Debug|Any CPU.ActiveCfg = Debug|Any CPU
		{DA0A5F00-1638-411B-B12A-13E98E115AC2}.Debug|Any CPU.Build.0 = Debug|Any CPU
		{DA0A5F00-1638-411B-B12A-13E98E115AC2}.Release|Any CPU.ActiveCfg = Release|Any CPU
		{DA0A5F00-1638-411B-B12A-13E98E115AC2}.Release|Any CPU.Build.0 = Release|Any CPU
		{EA8ACC0B-2C02-4D8B-9F89-3AC52C30C877}.Debug|Any CPU.ActiveCfg = Debug|Any CPU
		{EA8ACC0B-2C02-4D8B-9F89-3AC52C30C877}.Debug|Any CPU.Build.0 = Debug|Any CPU
		{EA8ACC0B-2C02-4D8B-9F89-3AC52C30C877}.Release|Any CPU.ActiveCfg = Release|Any CPU
		{EA8ACC0B-2C02-4D8B-9F89-3AC52C30C877}.Release|Any CPU.Build.0 = Release|Any CPU
		{D216F65C-045F-4D02-AA30-4DFD4469DE85}.Debug|Any CPU.ActiveCfg = Debug|Any CPU
		{D216F65C-045F-4D02-AA30-4DFD4469DE85}.Debug|Any CPU.Build.0 = Debug|Any CPU
		{D216F65C-045F-4D02-AA30-4DFD4469DE85}.Release|Any CPU.ActiveCfg = Release|Any CPU
		{D216F65C-045F-4D02-AA30-4DFD4469DE85}.Release|Any CPU.Build.0 = Release|Any CPU
		{C790A3D8-09AA-4690-B220-5596F0BD6479}.Debug|Any CPU.ActiveCfg = Debug|Any CPU
		{C790A3D8-09AA-4690-B220-5596F0BD6479}.Debug|Any CPU.Build.0 = Debug|Any CPU
		{C790A3D8-09AA-4690-B220-5596F0BD6479}.Release|Any CPU.ActiveCfg = Release|Any CPU
		{C790A3D8-09AA-4690-B220-5596F0BD6479}.Release|Any CPU.Build.0 = Release|Any CPU
		{B77307A9-B83F-4DA1-B8CA-5AA0285DE146}.Debug|Any CPU.ActiveCfg = Debug|Any CPU
		{B77307A9-B83F-4DA1-B8CA-5AA0285DE146}.Debug|Any CPU.Build.0 = Debug|Any CPU
		{B77307A9-B83F-4DA1-B8CA-5AA0285DE146}.Release|Any CPU.ActiveCfg = Release|Any CPU
		{B77307A9-B83F-4DA1-B8CA-5AA0285DE146}.Release|Any CPU.Build.0 = Release|Any CPU
		{37C4F7EF-405E-4981-95C3-720FB9D99122}.Debug|Any CPU.ActiveCfg = Debug|Any CPU
		{37C4F7EF-405E-4981-95C3-720FB9D99122}.Debug|Any CPU.Build.0 = Debug|Any CPU
		{37C4F7EF-405E-4981-95C3-720FB9D99122}.Release|Any CPU.ActiveCfg = Release|Any CPU
		{37C4F7EF-405E-4981-95C3-720FB9D99122}.Release|Any CPU.Build.0 = Release|Any CPU
		{B37FDB90-5B81-4412-93B7-7A08A4360382}.Debug|Any CPU.ActiveCfg = Debug|Any CPU
		{B37FDB90-5B81-4412-93B7-7A08A4360382}.Debug|Any CPU.Build.0 = Debug|Any CPU
		{B37FDB90-5B81-4412-93B7-7A08A4360382}.Release|Any CPU.ActiveCfg = Release|Any CPU
		{B37FDB90-5B81-4412-93B7-7A08A4360382}.Release|Any CPU.Build.0 = Release|Any CPU
		{A2EC4CB1-9458-4F2B-82AA-A223873C9E82}.Debug|Any CPU.ActiveCfg = Debug|Any CPU
		{A2EC4CB1-9458-4F2B-82AA-A223873C9E82}.Debug|Any CPU.Build.0 = Debug|Any CPU
		{A2EC4CB1-9458-4F2B-82AA-A223873C9E82}.Release|Any CPU.ActiveCfg = Release|Any CPU
		{A2EC4CB1-9458-4F2B-82AA-A223873C9E82}.Release|Any CPU.Build.0 = Release|Any CPU
		{3FCE86AA-565F-494D-9AFE-E842B99206B5}.Debug|Any CPU.ActiveCfg = Debug|Any CPU
		{3FCE86AA-565F-494D-9AFE-E842B99206B5}.Debug|Any CPU.Build.0 = Debug|Any CPU
		{3FCE86AA-565F-494D-9AFE-E842B99206B5}.Release|Any CPU.ActiveCfg = Release|Any CPU
		{3FCE86AA-565F-494D-9AFE-E842B99206B5}.Release|Any CPU.Build.0 = Release|Any CPU
		{1F306BFC-B6C8-496D-B7C9-4836C47DA1C0}.Debug|Any CPU.ActiveCfg = Debug|Any CPU
		{1F306BFC-B6C8-496D-B7C9-4836C47DA1C0}.Debug|Any CPU.Build.0 = Debug|Any CPU
		{1F306BFC-B6C8-496D-B7C9-4836C47DA1C0}.Release|Any CPU.ActiveCfg = Release|Any CPU
		{1F306BFC-B6C8-496D-B7C9-4836C47DA1C0}.Release|Any CPU.Build.0 = Release|Any CPU
	EndGlobalSection
	GlobalSection(SolutionProperties) = preSolution
		HideSolutionNode = FALSE
	EndGlobalSection
EndGlobal
