
Microsoft Visual Studio Solution File, Format Version 12.00
# Visual Studio Version 17
VisualStudioVersion = 17.11.35431.28
MinimumVisualStudioVersion = 10.0.40219.1
Project("{FAE04EC0-301F-11D3-BF4B-00C04F79EFBC}") = "LectureEx1", "LectureEx1\LectureEx1.csproj", "{AF2308BC-F7C9-425C-8437-2B5AD0E7156E}"
EndProject
Global
	GlobalSection(SolutionConfigurationPlatforms) = preSolution
		Debug|Any CPU = Debug|Any CPU
		Release|Any CPU = Release|Any CPU
	EndGlobalSection
	GlobalSection(ProjectConfigurationPlatforms) = postSolution
		{AF2308BC-F7C9-425C-8437-2B5AD0E7156E}.Debug|Any CPU.ActiveCfg = Debug|Any CPU
		{AF2308BC-F7C9-425C-8437-2B5AD0E7156E}.Debug|Any CPU.Build.0 = Debug|Any CPU
		{AF2308BC-F7C9-425C-8437-2B5AD0E7156E}.Release|Any CPU.ActiveCfg = Release|Any CPU
		{AF2308BC-F7C9-425C-8437-2B5AD0E7156E}.Release|Any CPU.Build.0 = Release|Any CPU
	EndGlobalSection
	GlobalSection(SolutionProperties) = preSolution
		HideSolutionNode = FALSE
	EndGlobalSection
	GlobalSection(ExtensibilityGlobals) = postSolution
		SolutionGuid = {23A3EADB-D6FE-4AFF-9DDF-1F85B86B0F3A}
	EndGlobalSection
EndGlobal
