
Microsoft Visual Studio Solution File, Format Version 12.00
# Visual Studio Version 17
VisualStudioVersion = 17.11.35327.3
MinimumVisualStudioVersion = 10.0.40219.1
Project("{FAE04EC0-301F-11D3-BF4B-00C04F79EFBC}") = "GuiAppTest", "GuiAppTest.csproj", "{1020D0ED-A4D4-47F7-91EA-57CD1754C19B}"
EndProject
Global
	GlobalSection(SolutionConfigurationPlatforms) = preSolution
		Debug|Any CPU = Debug|Any CPU
		Release|Any CPU = Release|Any CPU
	EndGlobalSection
	GlobalSection(ProjectConfigurationPlatforms) = postSolution
		{1020D0ED-A4D4-47F7-91EA-57CD1754C19B}.Debug|Any CPU.ActiveCfg = Debug|Any CPU
		{1020D0ED-A4D4-47F7-91EA-57CD1754C19B}.Debug|Any CPU.Build.0 = Debug|Any CPU
		{1020D0ED-A4D4-47F7-91EA-57CD1754C19B}.Release|Any CPU.ActiveCfg = Release|Any CPU
		{1020D0ED-A4D4-47F7-91EA-57CD1754C19B}.Release|Any CPU.Build.0 = Release|Any CPU
	EndGlobalSection
	GlobalSection(SolutionProperties) = preSolution
		HideSolutionNode = FALSE
	EndGlobalSection
	GlobalSection(ExtensibilityGlobals) = postSolution
		SolutionGuid = {B8379AD6-4E1D-47B0-A601-39860C70E79E}
	EndGlobalSection
EndGlobal
